
Microsoft Visual Studio Solution File, Format Version 12.00
# Visual Studio Version 17
VisualStudioVersion = 17.4.33213.308
MinimumVisualStudioVersion = 10.0.40219.1
Project("{8BC9CEB8-8B4A-11D0-8D11-00A0C91BC942}") = "2_loop", "2_loop\2_loop.vcxproj", "{CBD7EDA3-B78C-4DC3-925F-809D629853D7}"
EndProject
Global
	GlobalSection(SolutionConfigurationPlatforms) = preSolution
		Debug|x64 = Debug|x64
		Debug|x86 = Debug|x86
		Release|x64 = Release|x64
		Release|x86 = Release|x86
	EndGlobalSection
	GlobalSection(ProjectConfigurationPlatforms) = postSolution
		{CBD7EDA3-B78C-4DC3-925F-809D629853D7}.Debug|x64.ActiveCfg = Debug|x64
		{CBD7EDA3-B78C-4DC3-925F-809D629853D7}.Debug|x64.Build.0 = Debug|x64
		{CBD7EDA3-B78C-4DC3-925F-809D629853D7}.Debug|x86.ActiveCfg = Debug|Win32
		{CBD7EDA3-B78C-4DC3-925F-809D629853D7}.Debug|x86.Build.0 = Debug|Win32
		{CBD7EDA3-B78C-4DC3-925F-809D629853D7}.Release|x64.ActiveCfg = Release|x64
		{CBD7EDA3-B78C-4DC3-925F-809D629853D7}.Release|x64.Build.0 = Release|x64
		{CBD7EDA3-B78C-4DC3-925F-809D629853D7}.Release|x86.ActiveCfg = Release|Win32
		{CBD7EDA3-B78C-4DC3-925F-809D629853D7}.Release|x86.Build.0 = Release|Win32
	EndGlobalSection
	GlobalSection(SolutionProperties) = preSolution
		HideSolutionNode = FALSE
	EndGlobalSection
	GlobalSection(ExtensibilityGlobals) = postSolution
		SolutionGuid = {1A3D3D16-C310-4899-BBC1-5EF94D7B3AA5}
	EndGlobalSection
EndGlobal
