
Microsoft Visual Studio Solution File, Format Version 12.00
# Visual Studio Version 17
VisualStudioVersion = 17.4.33213.308
MinimumVisualStudioVersion = 10.0.40219.1
Project("{8BC9CEB8-8B4A-11D0-8D11-00A0C91BC942}") = "4_Prime_number", "4_Prime_number\4_Prime_number.vcxproj", "{C0077E9B-7B38-48CE-8102-7FE0608FF208}"
EndProject
Global
	GlobalSection(SolutionConfigurationPlatforms) = preSolution
		Debug|x64 = Debug|x64
		Debug|x86 = Debug|x86
		Release|x64 = Release|x64
		Release|x86 = Release|x86
	EndGlobalSection
	GlobalSection(ProjectConfigurationPlatforms) = postSolution
		{C0077E9B-7B38-48CE-8102-7FE0608FF208}.Debug|x64.ActiveCfg = Debug|x64
		{C0077E9B-7B38-48CE-8102-7FE0608FF208}.Debug|x64.Build.0 = Debug|x64
		{C0077E9B-7B38-48CE-8102-7FE0608FF208}.Debug|x86.ActiveCfg = Debug|Win32
		{C0077E9B-7B38-48CE-8102-7FE0608FF208}.Debug|x86.Build.0 = Debug|Win32
		{C0077E9B-7B38-48CE-8102-7FE0608FF208}.Release|x64.ActiveCfg = Release|x64
		{C0077E9B-7B38-48CE-8102-7FE0608FF208}.Release|x64.Build.0 = Release|x64
		{C0077E9B-7B38-48CE-8102-7FE0608FF208}.Release|x86.ActiveCfg = Release|Win32
		{C0077E9B-7B38-48CE-8102-7FE0608FF208}.Release|x86.Build.0 = Release|Win32
	EndGlobalSection
	GlobalSection(SolutionProperties) = preSolution
		HideSolutionNode = FALSE
	EndGlobalSection
	GlobalSection(ExtensibilityGlobals) = postSolution
		SolutionGuid = {33707B57-A723-4812-A0CF-ED9057B89AC5}
	EndGlobalSection
EndGlobal
