
Microsoft Visual Studio Solution File, Format Version 12.00
# Visual Studio Version 17
VisualStudioVersion = 17.4.33213.308
MinimumVisualStudioVersion = 10.0.40219.1
Project("{8BC9CEB8-8B4A-11D0-8D11-00A0C91BC942}") = "1_goto", "1_goto\1_goto.vcxproj", "{0EF0FF27-2834-4EF8-AA0A-9B6A1A744422}"
EndProject
Global
	GlobalSection(SolutionConfigurationPlatforms) = preSolution
		Debug|x64 = Debug|x64
		Debug|x86 = Debug|x86
		Release|x64 = Release|x64
		Release|x86 = Release|x86
	EndGlobalSection
	GlobalSection(ProjectConfigurationPlatforms) = postSolution
		{0EF0FF27-2834-4EF8-AA0A-9B6A1A744422}.Debug|x64.ActiveCfg = Debug|x64
		{0EF0FF27-2834-4EF8-AA0A-9B6A1A744422}.Debug|x64.Build.0 = Debug|x64
		{0EF0FF27-2834-4EF8-AA0A-9B6A1A744422}.Debug|x86.ActiveCfg = Debug|Win32
		{0EF0FF27-2834-4EF8-AA0A-9B6A1A744422}.Debug|x86.Build.0 = Debug|Win32
		{0EF0FF27-2834-4EF8-AA0A-9B6A1A744422}.Release|x64.ActiveCfg = Release|x64
		{0EF0FF27-2834-4EF8-AA0A-9B6A1A744422}.Release|x64.Build.0 = Release|x64
		{0EF0FF27-2834-4EF8-AA0A-9B6A1A744422}.Release|x86.ActiveCfg = Release|Win32
		{0EF0FF27-2834-4EF8-AA0A-9B6A1A744422}.Release|x86.Build.0 = Release|Win32
	EndGlobalSection
	GlobalSection(SolutionProperties) = preSolution
		HideSolutionNode = FALSE
	EndGlobalSection
	GlobalSection(ExtensibilityGlobals) = postSolution
		SolutionGuid = {00CAEC63-8356-43A1-8911-5CAAF5D5F2AF}
	EndGlobalSection
EndGlobal
