
Microsoft Visual Studio Solution File, Format Version 12.00
# Visual Studio Version 17
VisualStudioVersion = 17.4.33213.308
MinimumVisualStudioVersion = 10.0.40219.1
Project("{8BC9CEB8-8B4A-11D0-8D11-00A0C91BC942}") = "5_operator_CaoZuoFu", "5_operator_CaoZuoFu\5_operator_CaoZuoFu.vcxproj", "{A2395366-7B22-449F-8608-000E76C994F4}"
EndProject
Global
	GlobalSection(SolutionConfigurationPlatforms) = preSolution
		Debug|x64 = Debug|x64
		Debug|x86 = Debug|x86
		Release|x64 = Release|x64
		Release|x86 = Release|x86
	EndGlobalSection
	GlobalSection(ProjectConfigurationPlatforms) = postSolution
		{A2395366-7B22-449F-8608-000E76C994F4}.Debug|x64.ActiveCfg = Debug|x64
		{A2395366-7B22-449F-8608-000E76C994F4}.Debug|x64.Build.0 = Debug|x64
		{A2395366-7B22-449F-8608-000E76C994F4}.Debug|x86.ActiveCfg = Debug|Win32
		{A2395366-7B22-449F-8608-000E76C994F4}.Debug|x86.Build.0 = Debug|Win32
		{A2395366-7B22-449F-8608-000E76C994F4}.Release|x64.ActiveCfg = Release|x64
		{A2395366-7B22-449F-8608-000E76C994F4}.Release|x64.Build.0 = Release|x64
		{A2395366-7B22-449F-8608-000E76C994F4}.Release|x86.ActiveCfg = Release|Win32
		{A2395366-7B22-449F-8608-000E76C994F4}.Release|x86.Build.0 = Release|Win32
	EndGlobalSection
	GlobalSection(SolutionProperties) = preSolution
		HideSolutionNode = FALSE
	EndGlobalSection
	GlobalSection(ExtensibilityGlobals) = postSolution
		SolutionGuid = {B29470A4-19CB-483A-BC0F-326791F4BF38}
	EndGlobalSection
EndGlobal
