
Microsoft Visual Studio Solution File, Format Version 12.00
# Visual Studio Version 17
VisualStudioVersion = 17.4.33213.308
MinimumVisualStudioVersion = 10.0.40219.1
Project("{8BC9CEB8-8B4A-11D0-8D11-00A0C91BC942}") = "1_HelloWorld", "1_HelloWorld\1_HelloWorld.vcxproj", "{A13C2BA2-D332-4180-81F2-182BED01D6ED}"
EndProject
Global
	GlobalSection(SolutionConfigurationPlatforms) = preSolution
		Debug|x64 = Debug|x64
		Debug|x86 = Debug|x86
		Release|x64 = Release|x64
		Release|x86 = Release|x86
	EndGlobalSection
	GlobalSection(ProjectConfigurationPlatforms) = postSolution
		{A13C2BA2-D332-4180-81F2-182BED01D6ED}.Debug|x64.ActiveCfg = Debug|x64
		{A13C2BA2-D332-4180-81F2-182BED01D6ED}.Debug|x64.Build.0 = Debug|x64
		{A13C2BA2-D332-4180-81F2-182BED01D6ED}.Debug|x86.ActiveCfg = Debug|Win32
		{A13C2BA2-D332-4180-81F2-182BED01D6ED}.Debug|x86.Build.0 = Debug|Win32
		{A13C2BA2-D332-4180-81F2-182BED01D6ED}.Release|x64.ActiveCfg = Release|x64
		{A13C2BA2-D332-4180-81F2-182BED01D6ED}.Release|x64.Build.0 = Release|x64
		{A13C2BA2-D332-4180-81F2-182BED01D6ED}.Release|x86.ActiveCfg = Release|Win32
		{A13C2BA2-D332-4180-81F2-182BED01D6ED}.Release|x86.Build.0 = Release|Win32
	EndGlobalSection
	GlobalSection(SolutionProperties) = preSolution
		HideSolutionNode = FALSE
	EndGlobalSection
	GlobalSection(ExtensibilityGlobals) = postSolution
		SolutionGuid = {05159D86-AD24-442F-815D-B43ECB50689E}
	EndGlobalSection
EndGlobal
