
Microsoft Visual Studio Solution File, Format Version 12.00
# Visual Studio Version 17
VisualStudioVersion = 17.4.33213.308
MinimumVisualStudioVersion = 10.0.40219.1
Project("{8BC9CEB8-8B4A-11D0-8D11-00A0C91BC942}") = "8_practise_5", "8_practise_5\8_practise_5.vcxproj", "{4688A97A-C51C-4D55-8B0F-4D867D985E2E}"
EndProject
Global
	GlobalSection(SolutionConfigurationPlatforms) = preSolution
		Debug|x64 = Debug|x64
		Debug|x86 = Debug|x86
		Release|x64 = Release|x64
		Release|x86 = Release|x86
	EndGlobalSection
	GlobalSection(ProjectConfigurationPlatforms) = postSolution
		{4688A97A-C51C-4D55-8B0F-4D867D985E2E}.Debug|x64.ActiveCfg = Debug|x64
		{4688A97A-C51C-4D55-8B0F-4D867D985E2E}.Debug|x64.Build.0 = Debug|x64
		{4688A97A-C51C-4D55-8B0F-4D867D985E2E}.Debug|x86.ActiveCfg = Debug|Win32
		{4688A97A-C51C-4D55-8B0F-4D867D985E2E}.Debug|x86.Build.0 = Debug|Win32
		{4688A97A-C51C-4D55-8B0F-4D867D985E2E}.Release|x64.ActiveCfg = Release|x64
		{4688A97A-C51C-4D55-8B0F-4D867D985E2E}.Release|x64.Build.0 = Release|x64
		{4688A97A-C51C-4D55-8B0F-4D867D985E2E}.Release|x86.ActiveCfg = Release|Win32
		{4688A97A-C51C-4D55-8B0F-4D867D985E2E}.Release|x86.Build.0 = Release|Win32
	EndGlobalSection
	GlobalSection(SolutionProperties) = preSolution
		HideSolutionNode = FALSE
	EndGlobalSection
	GlobalSection(ExtensibilityGlobals) = postSolution
		SolutionGuid = {7377BEA8-7AC4-45DA-BC7A-B053639406C1}
	EndGlobalSection
EndGlobal
